
Microsoft Visual Studio Solution File, Format Version 12.00
# Visual Studio Version 17
VisualStudioVersion = 17.4.33205.214
MinimumVisualStudioVersion = 10.0.40219.1
Project("{FAE04EC0-301F-11D3-BF4B-00C04F79EFBC}") = "HomeWork13Feb", "HomeWork13Feb\HomeWork13Feb.csproj", "{BD137563-77FE-479D-A3F9-4A37FC747898}"
EndProject
Global
	GlobalSection(SolutionConfigurationPlatforms) = preSolution
		Debug|Any CPU = Debug|Any CPU
		Release|Any CPU = Release|Any CPU
	EndGlobalSection
	GlobalSection(ProjectConfigurationPlatforms) = postSolution
		{BD137563-77FE-479D-A3F9-4A37FC747898}.Debug|Any CPU.ActiveCfg = Debug|Any CPU
		{BD137563-77FE-479D-A3F9-4A37FC747898}.Debug|Any CPU.Build.0 = Debug|Any CPU
		{BD137563-77FE-479D-A3F9-4A37FC747898}.Release|Any CPU.ActiveCfg = Release|Any CPU
		{BD137563-77FE-479D-A3F9-4A37FC747898}.Release|Any CPU.Build.0 = Release|Any CPU
	EndGlobalSection
	GlobalSection(SolutionProperties) = preSolution
		HideSolutionNode = FALSE
	EndGlobalSection
	GlobalSection(ExtensibilityGlobals) = postSolution
		SolutionGuid = {3527BE51-FF98-42B2-B227-0CFAB74CF729}
	EndGlobalSection
EndGlobal
